
Microsoft Visual Studio Solution File, Format Version 12.00
# Visual Studio Version 17
VisualStudioVersion = 17.4.33122.133
MinimumVisualStudioVersion = 10.0.40219.1
Project("{39E2626F-3545-4960-A6E8-258AD8476CE5}") = "miapp", "miapp.androidproj", "{809792DB-7EBD-4E49-8771-D504D72878A9}"
EndProject
Global
	GlobalSection(SolutionConfigurationPlatforms) = preSolution
		Debug|ARM = Debug|ARM
		Debug|ARM64 = Debug|ARM64
		Debug|x64 = Debug|x64
		Debug|x86 = Debug|x86
		Release|ARM = Release|ARM
		Release|ARM64 = Release|ARM64
		Release|x64 = Release|x64
		Release|x86 = Release|x86
	EndGlobalSection
	GlobalSection(ProjectConfigurationPlatforms) = postSolution
		{809792DB-7EBD-4E49-8771-D504D72878A9}.Debug|ARM.ActiveCfg = Debug|ARM
		{809792DB-7EBD-4E49-8771-D504D72878A9}.Debug|ARM.Build.0 = Debug|ARM
		{809792DB-7EBD-4E49-8771-D504D72878A9}.Debug|ARM.Deploy.0 = Debug|ARM
		{809792DB-7EBD-4E49-8771-D504D72878A9}.Debug|ARM64.ActiveCfg = Debug|ARM64
		{809792DB-7EBD-4E49-8771-D504D72878A9}.Debug|ARM64.Build.0 = Debug|ARM64
		{809792DB-7EBD-4E49-8771-D504D72878A9}.Debug|ARM64.Deploy.0 = Debug|ARM64
		{809792DB-7EBD-4E49-8771-D504D72878A9}.Debug|x64.ActiveCfg = Debug|x64
		{809792DB-7EBD-4E49-8771-D504D72878A9}.Debug|x64.Build.0 = Debug|x64
		{809792DB-7EBD-4E49-8771-D504D72878A9}.Debug|x64.Deploy.0 = Debug|x64
		{809792DB-7EBD-4E49-8771-D504D72878A9}.Debug|x86.ActiveCfg = Debug|x86
		{809792DB-7EBD-4E49-8771-D504D72878A9}.Debug|x86.Build.0 = Debug|x86
		{809792DB-7EBD-4E49-8771-D504D72878A9}.Debug|x86.Deploy.0 = Debug|x86
		{809792DB-7EBD-4E49-8771-D504D72878A9}.Release|ARM.ActiveCfg = Release|ARM
		{809792DB-7EBD-4E49-8771-D504D72878A9}.Release|ARM.Build.0 = Release|ARM
		{809792DB-7EBD-4E49-8771-D504D72878A9}.Release|ARM.Deploy.0 = Release|ARM
		{809792DB-7EBD-4E49-8771-D504D72878A9}.Release|ARM64.ActiveCfg = Release|ARM64
		{809792DB-7EBD-4E49-8771-D504D72878A9}.Release|ARM64.Build.0 = Release|ARM64
		{809792DB-7EBD-4E49-8771-D504D72878A9}.Release|ARM64.Deploy.0 = Release|ARM64
		{809792DB-7EBD-4E49-8771-D504D72878A9}.Release|x64.ActiveCfg = Release|x64
		{809792DB-7EBD-4E49-8771-D504D72878A9}.Release|x64.Build.0 = Release|x64
		{809792DB-7EBD-4E49-8771-D504D72878A9}.Release|x64.Deploy.0 = Release|x64
		{809792DB-7EBD-4E49-8771-D504D72878A9}.Release|x86.ActiveCfg = Release|x86
		{809792DB-7EBD-4E49-8771-D504D72878A9}.Release|x86.Build.0 = Release|x86
		{809792DB-7EBD-4E49-8771-D504D72878A9}.Release|x86.Deploy.0 = Release|x86
	EndGlobalSection
	GlobalSection(SolutionProperties) = preSolution
		HideSolutionNode = FALSE
	EndGlobalSection
	GlobalSection(ExtensibilityGlobals) = postSolution
		SolutionGuid = {5B3765B1-7EAA-4F10-A909-AF1E90DED0B2}
	EndGlobalSection
EndGlobal
